
Microsoft Visual Studio Solution File, Format Version 12.00
# Visual Studio Version 17
VisualStudioVersion = 17.1.32407.343
MinimumVisualStudioVersion = 10.0.40219.1
Project("{FAE04EC0-301F-11D3-BF4B-00C04F79EFBC}") = "MenuWebApp", "MenuWebApp\MenuWebApp.csproj", "{7174CCC7-7DF3-4591-BE15-6311C611E49E}"
EndProject
Global
	GlobalSection(SolutionConfigurationPlatforms) = preSolution
		Debug|Any CPU = Debug|Any CPU
		Release|Any CPU = Release|Any CPU
	EndGlobalSection
	GlobalSection(ProjectConfigurationPlatforms) = postSolution
		{7174CCC7-7DF3-4591-BE15-6311C611E49E}.Debug|Any CPU.ActiveCfg = Debug|Any CPU
		{7174CCC7-7DF3-4591-BE15-6311C611E49E}.Debug|Any CPU.Build.0 = Debug|Any CPU
		{7174CCC7-7DF3-4591-BE15-6311C611E49E}.Release|Any CPU.ActiveCfg = Release|Any CPU
		{7174CCC7-7DF3-4591-BE15-6311C611E49E}.Release|Any CPU.Build.0 = Release|Any CPU
	EndGlobalSection
	GlobalSection(SolutionProperties) = preSolution
		HideSolutionNode = FALSE
	EndGlobalSection
	GlobalSection(ExtensibilityGlobals) = postSolution
		SolutionGuid = {543F4D94-152D-436D-980E-B2448D19B7C0}
	EndGlobalSection
EndGlobal
